// !$*UTF8*$!
{
	archiveVersion = 1;
	classes = {
	};
	objectVersion = 46;
	objects = {

/* Begin PBXBuildFile section */
		94A157C31A73F331007F7097 /* main.m in Sources */ = {isa = PBXBuildFile; fileRef = 94A157C21A73F331007F7097 /* main.m */; };
		94A157C61A73F331007F7097 /* AppDelegate.m in Sources */ = {isa = PBXBuildFile; fileRef = 94A157C51A73F331007F7097 /* AppDelegate.m */; };
		94A157C91A73F331007F7097 /* AttributorViewController.m in Sources */ = {isa = PBXBuildFile; fileRef = 94A157C81A73F331007F7097 /* AttributorViewController.m */; };
		94A157CC1A73F331007F7097 /* Main.storyboard in Resources */ = {isa = PBXBuildFile; fileRef = 94A157CA1A73F331007F7097 /* Main.storyboard */; };
		94A157CE1A73F331007F7097 /* Images.xcassets in Resources */ = {isa = PBXBuildFile; fileRef = 94A157CD1A73F331007F7097 /* Images.xcassets */; };
		94A157D11A73F331007F7097 /* LaunchScreen.xib in Resources */ = {isa = PBXBuildFile; fileRef = 94A157CF1A73F331007F7097 /* LaunchScreen.xib */; };
		94A157DD1A73F331007F7097 /* AttributorTests.m in Sources */ = {isa = PBXBuildFile; fileRef = 94A157DC1A73F331007F7097 /* AttributorTests.m */; };
		94A157EB1A75E083007F7097 /* TextStatsViewController.m in Sources */ = {isa = PBXBuildFile; fileRef = 94A157EA1A75E083007F7097 /* TextStatsViewController.m */; };
/* End PBXBuildFile section */

/* Begin PBXContainerItemProxy section */
		94A157D71A73F331007F7097 /* PBXContainerItemProxy */ = {
			isa = PBXContainerItemProxy;
			containerPortal = 94A157B51A73F331007F7097 /* Project object */;
			proxyType = 1;
			remoteGlobalIDString = 94A157BC1A73F331007F7097;
			remoteInfo = Attributor;
		};
/* End PBXContainerItemProxy section */

/* Begin PBXFileReference section */
		94A157BD1A73F331007F7097 /* Attributor.app */ = {isa = PBXFileReference; explicitFileType = wrapper.application; includeInIndex = 0; path = Attributor.app; sourceTree = BUILT_PRODUCTS_DIR; };
		94A157C11A73F331007F7097 /* Info.plist */ = {isa = PBXFileReference; lastKnownFileType = text.plist.xml; path = Info.plist; sourceTree = "<group>"; };
		94A157C21A73F331007F7097 /* main.m */ = {isa = PBXFileReference; lastKnownFileType = sourcecode.c.objc; path = main.m; sourceTree = "<group>"; };
		94A157C41A73F331007F7097 /* AppDelegate.h */ = {isa = PBXFileReference; lastKnownFileType = sourcecode.c.h; path = AppDelegate.h; sourceTree = "<group>"; };
		94A157C51A73F331007F7097 /* AppDelegate.m */ = {isa = PBXFileReference; lastKnownFileType = sourcecode.c.objc; path = AppDelegate.m; sourceTree = "<group>"; };
		94A157C71A73F331007F7097 /* AttributorViewController.h */ = {isa = PBXFileReference; lastKnownFileType = sourcecode.c.h; path = AttributorViewController.h; sourceTree = "<group>"; };
		94A157C81A73F331007F7097 /* AttributorViewController.m */ = {isa = PBXFileReference; lastKnownFileType = sourcecode.c.objc; path = AttributorViewController.m; sourceTree = "<group>"; };
		94A157CB1A73F331007F7097 /* Base */ = {isa = PBXFileReference; lastKnownFileType = file.storyboard; name = Base; path = Base.lproj/Main.storyboard; sourceTree = "<group>"; };
		94A157CD1A73F331007F7097 /* Images.xcassets */ = {isa = PBXFileReference; lastKnownFileType = folder.assetcatalog; path = Images.xcassets; sourceTree = "<group>"; };
		94A157D01A73F331007F7097 /* Base */ = {isa = PBXFileReference; lastKnownFileType = file.xib; name = Base; path = Base.lproj/LaunchScreen.xib; sourceTree = "<group>"; };
		94A157D61A73F331007F7097 /* AttributorTests.xctest */ = {isa = PBXFileReference; explicitFileType = wrapper.cfbundle; includeInIndex = 0; path = AttributorTests.xctest; sourceTree = BUILT_PRODUCTS_DIR; };
		94A157DB1A73F331007F7097 /* Info.plist */ = {isa = PBXFileReference; lastKnownFileType = text.plist.xml; path = Info.plist; sourceTree = "<group>"; };
		94A157DC1A73F331007F7097 /* AttributorTests.m */ = {isa = PBXFileReference; lastKnownFileType = sourcecode.c.objc; path = AttributorTests.m; sourceTree = "<group>"; };
		94A157E91A75E083007F7097 /* TextStatsViewController.h */ = {isa = PBXFileReference; fileEncoding = 4; lastKnownFileType = sourcecode.c.h; path = TextStatsViewController.h; sourceTree = "<group>"; };
		94A157EA1A75E083007F7097 /* TextStatsViewController.m */ = {isa = PBXFileReference; fileEncoding = 4; lastKnownFileType = sourcecode.c.objc; path = TextStatsViewController.m; sourceTree = "<group>"; };
/* End PBXFileReference section */

/* Begin PBXFrameworksBuildPhase section */
		94A157BA1A73F331007F7097 /* Frameworks */ = {
			isa = PBXFrameworksBuildPhase;
			buildActionMask = 2147483647;
			files = (
			);
			runOnlyForDeploymentPostprocessing = 0;
		};
		94A157D31A73F331007F7097 /* Frameworks */ = {
			isa = PBXFrameworksBuildPhase;
			buildActionMask = 2147483647;
			files = (
			);
			runOnlyForDeploymentPostprocessing = 0;
		};
/* End PBXFrameworksBuildPhase section */

/* Begin PBXGroup section */
		94A157B41A73F331007F7097 = {
			isa = PBXGroup;
			children = (
				94A157BF1A73F331007F7097 /* Attributor */,
				94A157D91A73F331007F7097 /* AttributorTests */,
				94A157BE1A73F331007F7097 /* Products */,
			);
			sourceTree = "<group>";
		};
		94A157BE1A73F331007F7097 /* Products */ = {
			isa = PBXGroup;
			children = (
				94A157BD1A73F331007F7097 /* Attributor.app */,
				94A157D61A73F331007F7097 /* AttributorTests.xctest */,
			);
			name = Products;
			sourceTree = "<group>";
		};
		94A157BF1A73F331007F7097 /* Attributor */ = {
			isa = PBXGroup;
			children = (
				94A157C71A73F331007F7097 /* AttributorViewController.h */,
				94A157C81A73F331007F7097 /* AttributorViewController.m */,
				94A157E91A75E083007F7097 /* TextStatsViewController.h */,
				94A157EA1A75E083007F7097 /* TextStatsViewController.m */,
				94A157CA1A73F331007F7097 /* Main.storyboard */,
				94A157CD1A73F331007F7097 /* Images.xcassets */,
				94A157CF1A73F331007F7097 /* LaunchScreen.xib */,
				94A157C01A73F331007F7097 /* Supporting Files */,
			);
			path = Attributor;
			sourceTree = "<group>";
		};
		94A157C01A73F331007F7097 /* Supporting Files */ = {
			isa = PBXGroup;
			children = (
				94A157C41A73F331007F7097 /* AppDelegate.h */,
				94A157C51A73F331007F7097 /* AppDelegate.m */,
				94A157C11A73F331007F7097 /* Info.plist */,
				94A157C21A73F331007F7097 /* main.m */,
			);
			name = "Supporting Files";
			sourceTree = "<group>";
		};
		94A157D91A73F331007F7097 /* AttributorTests */ = {
			isa = PBXGroup;
			children = (
				94A157DC1A73F331007F7097 /* AttributorTests.m */,
				94A157DA1A73F331007F7097 /* Supporting Files */,
			);
			path = AttributorTests;
			sourceTree = "<group>";
		};
		94A157DA1A73F331007F7097 /* Supporting Files */ = {
			isa = PBXGroup;
			children = (
				94A157DB1A73F331007F7097 /* Info.plist */,
			);
			name = "Supporting Files";
			sourceTree = "<group>";
		};
/* End PBXGroup section */

/* Begin PBXNativeTarget section */
		94A157BC1A73F331007F7097 /* Attributor */ = {
			isa = PBXNativeTarget;
			buildConfigurationList = 94A157E01A73F331007F7097 /* Build configuration list for PBXNativeTarget "Attributor" */;
			buildPhases = (
				94A157B91A73F331007F7097 /* Sources */,
				94A157BA1A73F331007F7097 /* Frameworks */,
				94A157BB1A73F331007F7097 /* Resources */,
			);
			buildRules = (
			);
			dependencies = (
			);
			name = Attributor;
			productName = Attributor;
			productReference = 94A157BD1A73F331007F7097 /* Attributor.app */;
			productType = "com.apple.product-type.application";
		};
		94A157D51A73F331007F7097 /* AttributorTests */ = {
			isa = PBXNativeTarget;
			buildConfigurationList = 94A157E31A73F331007F7097 /* Build configuration list for PBXNativeTarget "AttributorTests" */;
			buildPhases = (
				94A157D21A73F331007F7097 /* Sources */,
				94A157D31A73F331007F7097 /* Frameworks */,
				94A157D41A73F331007F7097 /* Resources */,
			);
			buildRules = (
			);
			dependencies = (
				94A157D81A73F331007F7097 /* PBXTargetDependency */,
			);
			name = AttributorTests;
			productName = AttributorTests;
			productReference = 94A157D61A73F331007F7097 /* AttributorTests.xctest */;
			productType = "com.apple.product-type.bundle.unit-test";
		};
/* End PBXNativeTarget section */

/* Begin PBXProject section */
		94A157B51A73F331007F7097 /* Project object */ = {
			isa = PBXProject;
			attributes = {
				LastUpgradeCheck = 0610;
				ORGANIZATIONNAME = Ryan;
				TargetAttributes = {
					94A157BC1A73F331007F7097 = {
						CreatedOnToolsVersion = 6.1.1;
					};
					94A157D51A73F331007F7097 = {
						CreatedOnToolsVersion = 6.1.1;
						TestTargetID = 94A157BC1A73F331007F7097;
					};
				};
			};
			buildConfigurationList = 94A157B81A73F331007F7097 /* Build configuration list for PBXProject "Attributor" */;
			compatibilityVersion = "Xcode 3.2";
			developmentRegion = English;
			hasScannedForEncodings = 0;
			knownRegions = (
				en,
				Base,
			);
			mainGroup = 94A157B41A73F331007F7097;
			productRefGroup = 94A157BE1A73F331007F7097 /* Products */;
			projectDirPath = "";
			projectRoot = "";
			targets = (
				94A157BC1A73F331007F7097 /* Attributor */,
				94A157D51A73F331007F7097 /* AttributorTests */,
			);
		};
/* End PBXProject section */

/* Begin PBXResourcesBuildPhase section */
		94A157BB1A73F331007F7097 /* Resources */ = {
			isa = PBXResourcesBuildPhase;
			buildActionMask = 2147483647;
			files = (
				94A157CC1A73F331007F7097 /* Main.storyboard in Resources */,
				94A157D11A73F331007F7097 /* LaunchScreen.xib in Resources */,
				94A157CE1A73F331007F7097 /* Images.xcassets in Resources */,
			);
			runOnlyForDeploymentPostprocessing = 0;
		};
		94A157D41A73F331007F7097 /* Resources */ = {
			isa = PBXResourcesBuildPhase;
			buildActionMask = 2147483647;
			files = (
			);
			runOnlyForDeploymentPostprocessing = 0;
		};
/* End PBXResourcesBuildPhase section */

/* Begin PBXSourcesBuildPhase section */
		94A157B91A73F331007F7097 /* Sources */ = {
			isa = PBXSourcesBuildPhase;
			buildActionMask = 2147483647;
			files = (
				94A157C91A73F331007F7097 /* AttributorViewController.m in Sources */,
				94A157C61A73F331007F7097 /* AppDelegate.m in Sources */,
				94A157C31A73F331007F7097 /* main.m in Sources */,
				94A157EB1A75E083007F7097 /* TextStatsViewController.m in Sources */,
			);
			runOnlyForDeploymentPostprocessing = 0;
		};
		94A157D21A73F331007F7097 /* Sources */ = {
			isa = PBXSourcesBuildPhase;
			buildActionMask = 2147483647;
			files = (
				94A157DD1A73F331007F7097 /* AttributorTests.m in Sources */,
			);
			runOnlyForDeploymentPostprocessing = 0;
		};
/* End PBXSourcesBuildPhase section */

/* Begin PBXTargetDependency section */
		94A157D81A73F331007F7097 /* PBXTargetDependency */ = {
			isa = PBXTargetDependency;
			target = 94A157BC1A73F331007F7097 /* Attributor */;
			targetProxy = 94A157D71A73F331007F7097 /* PBXContainerItemProxy */;
		};
/* End PBXTargetDependency section */

/* Begin PBXVariantGroup section */
		94A157CA1A73F331007F7097 /* Main.storyboard */ = {
			isa = PBXVariantGroup;
			children = (
				94A157CB1A73F331007F7097 /* Base */,
			);
			name = Main.storyboard;
			sourceTree = "<group>";
		};
		94A157CF1A73F331007F7097 /* LaunchScreen.xib */ = {
			isa = PBXVariantGroup;
			children = (
				94A157D01A73F331007F7097 /* Base */,
			);
			name = LaunchScreen.xib;
			sourceTree = "<group>";
		};
/* End PBXVariantGroup section */

/* Begin XCBuildConfiguration section */
		94A157DE1A73F331007F7097 /* Debug */ = {
			isa = XCBuildConfiguration;
			buildSettings = {
				ALWAYS_SEARCH_USER_PATHS = NO;
				CLANG_CXX_LANGUAGE_STANDARD = "gnu++0x";
				CLANG_CXX_LIBRARY = "libc++";
				CLANG_ENABLE_MODULES = YES;
				CLANG_ENABLE_OBJC_ARC = YES;
				CLANG_WARN_BOOL_CONVERSION = YES;
				CLANG_WARN_CONSTANT_CONVERSION = YES;
				CLANG_WARN_DIRECT_OBJC_ISA_USAGE = YES_ERROR;
				CLANG_WARN_EMPTY_BODY = YES;
				CLANG_WARN_ENUM_CONVERSION = YES;
				CLANG_WARN_INT_CONVERSION = YES;
				CLANG_WARN_OBJC_ROOT_CLASS = YES_ERROR;
				CLANG_WARN_UNREACHABLE_CODE = YES;
				CLANG_WARN__DUPLICATE_METHOD_MATCH = YES;
				"CODE_SIGN_IDENTITY[sdk=iphoneos*]" = "iPhone Developer";
				COPY_PHASE_STRIP = NO;
				ENABLE_STRICT_OBJC_MSGSEND = YES;
				GCC_C_LANGUAGE_STANDARD = gnu99;
				GCC_DYNAMIC_NO_PIC = NO;
				GCC_OPTIMIZATION_LEVEL = 0;
				GCC_PREPROCESSOR_DEFINITIONS = (
					"DEBUG=1",
					"$(inherited)",
				);
				GCC_SYMBOLS_PRIVATE_EXTERN = NO;
				GCC_WARN_64_TO_32_BIT_CONVERSION = YES;
				GCC_WARN_ABOUT_RETURN_TYPE = YES_ERROR;
				GCC_WARN_UNDECLARED_SELECTOR = YES;
				GCC_WARN_UNINITIALIZED_AUTOS = YES_AGGRESSIVE;
				GCC_WARN_UNUSED_FUNCTION = YES;
				GCC_WARN_UNUSED_VARIABLE = YES;
				IPHONEOS_DEPLOYMENT_TARGET = 8.1;
				MTL_ENABLE_DEBUG_INFO = YES;
				ONLY_ACTIVE_ARCH = YES;
				SDKROOT = iphoneos;
			};
			name = Debug;
		};
		94A157DF1A73F331007F7097 /* Release */ = {
			isa = XCBuildConfiguration;
			buildSettings = {
				ALWAYS_SEARCH_USER_PATHS = NO;
				CLANG_CXX_LANGUAGE_STANDARD = "gnu++0x";
				CLANG_CXX_LIBRARY = "libc++";
				CLANG_ENABLE_MODULES = YES;
				CLANG_ENABLE_OBJC_ARC = YES;
				CLANG_WARN_BOOL_CONVERSION = YES;
				CLANG_WARN_CONSTANT_CONVERSION = YES;
				CLANG_WARN_DIRECT_OBJC_ISA_USAGE = YES_ERROR;
				CLANG_WARN_EMPTY_BODY = YES;
				CLANG_WARN_ENUM_CONVERSION = YES;
				CLANG_WARN_INT_CONVERSION = YES;
				CLANG_WARN_OBJC_ROOT_CLASS = YES_ERROR;
				CLANG_WARN_UNREACHABLE_CODE = YES;
				CLANG_WARN__DUPLICATE_METHOD_MATCH = YES;
				"CODE_SIGN_IDENTITY[sdk=iphoneos*]" = "iPhone Developer";
				COPY_PHASE_STRIP = YES;
				ENABLE_NS_ASSERTIONS = NO;
				ENABLE_STRICT_OBJC_MSGSEND = YES;
				GCC_C_LANGUAGE_STANDARD = gnu99;
				GCC_WARN_64_TO_32_BIT_CONVERSION = YES;
				GCC_WARN_ABOUT_RETURN_TYPE = YES_ERROR;
				GCC_WARN_UNDECLARED_SELECTOR = YES;
				GCC_WARN_UNINITIALIZED_AUTOS = YES_AGGRESSIVE;
				GCC_WARN_UNUSED_FUNCTION = YES;
				GCC_WARN_UNUSED_VARIABLE = YES;
				IPHONEOS_DEPLOYMENT_TARGET = 8.1;
				MTL_ENABLE_DEBUG_INFO = NO;
				SDKROOT = iphoneos;
				VALIDATE_PRODUCT = YES;
			};
			name = Release;
		};
		94A157E11A73F331007F7097 /* Debug */ = {
			isa = XCBuildConfiguration;
			buildSettings = {
				ASSETCATALOG_COMPILER_APPICON_NAME = AppIcon;
				INFOPLIST_FILE = Attributor/Info.plist;
				LD_RUNPATH_SEARCH_PATHS = "$(inherited) @executable_path/Frameworks";
				PRODUCT_NAME = "$(TARGET_NAME)";
			};
			name = Debug;
		};
		94A157E21A73F331007F7097 /* Release */ = {
			isa = XCBuildConfiguration;
			buildSettings = {
				ASSETCATALOG_COMPILER_APPICON_NAME = AppIcon;
				INFOPLIST_FILE = Attributor/Info.plist;
				LD_RUNPATH_SEARCH_PATHS = "$(inherited) @executable_path/Frameworks";
				PRODUCT_NAME = "$(TARGET_NAME)";
			};
			name = Release;
		};
		94A157E41A73F331007F7097 /* Debug */ = {
			isa = XCBuildConfiguration;
			buildSettings = {
				BUNDLE_LOADER = "$(TEST_HOST)";
				FRAMEWORK_SEARCH_PATHS = (
					"$(SDKROOT)/Developer/Library/Frameworks",
					"$(inherited)",
				);
				GCC_PREPROCESSOR_DEFINITIONS = (
					"DEBUG=1",
					"$(inherited)",
				);
				INFOPLIST_FILE = AttributorTests/Info.plist;
				LD_RUNPATH_SEARCH_PATHS = "$(inherited) @executable_path/Frameworks @loader_path/Frameworks";
				PRODUCT_NAME = "$(TARGET_NAME)";
				TEST_HOST = "$(BUILT_PRODUCTS_DIR)/Attributor.app/Attributor";
			};
			name = Debug;
		};
		94A157E51A73F331007F7097 /* Release */ = {
			isa = XCBuildConfiguration;
			buildSettings = {
				BUNDLE_LOADER = "$(TEST_HOST)";
				FRAMEWORK_SEARCH_PATHS = (
					"$(SDKROOT)/Developer/Library/Frameworks",
					"$(inherited)",
				);
				INFOPLIST_FILE = AttributorTests/Info.plist;
				LD_RUNPATH_SEARCH_PATHS = "$(inherited) @executable_path/Frameworks @loader_path/Frameworks";
				PRODUCT_NAME = "$(TARGET_NAME)";
				TEST_HOST = "$(BUILT_PRODUCTS_DIR)/Attributor.app/Attributor";
			};
			name = Release;
		};
/* End XCBuildConfiguration section */

/* Begin XCConfigurationList section */
		94A157B81A73F331007F7097 /* Build configuration list for PBXProject "Attributor" */ = {
			isa = XCConfigurationList;
			buildConfigurations = (
				94A157DE1A73F331007F7097 /* Debug */,
				94A157DF1A73F331007F7097 /* Release */,
			);
			defaultConfigurationIsVisible = 0;
			defaultConfigurationName = Release;
		};
		94A157E01A73F331007F7097 /* Build configuration list for PBXNativeTarget "Attributor" */ = {
			isa = XCConfigurationList;
			buildConfigurations = (
				94A157E11A73F331007F7097 /* Debug */,
				94A157E21A73F331007F7097 /* Release */,
			);
			defaultConfigurationIsVisible = 0;
		};
		94A157E31A73F331007F7097 /* Build configuration list for PBXNativeTarget "AttributorTests" */ = {
			isa = XCConfigurationList;
			buildConfigurations = (
				94A157E41A73F331007F7097 /* Debug */,
				94A157E51A73F331007F7097 /* Release */,
			);
			defaultConfigurationIsVisible = 0;
		};
/* End XCConfigurationList section */
	};
	rootObject = 94A157B51A73F331007F7097 /* Project object */;
}
